// !$*UTF8*$!
{
	archiveVersion = 1;
	classes = {
	};
	objectVersion = 48;
	objects = {

/* Begin PBXBuildFile section */
		046DDD1CAE3E93C57B831D05 /* Pods_TimemoTests.framework in Frameworks */ = {isa = PBXBuildFile; fileRef = DF6CB47CA10092C470D34D70 /* Pods_TimemoTests.framework */; };
		31A1EDFC8A1A1406B0EDBFAF /* Pods_Timemo.framework in Frameworks */ = {isa = PBXBuildFile; fileRef = 9E5436BBFAA5C9B92E927E58 /* Pods_Timemo.framework */; };
		BD47BFF51FCEB3FB00408DC5 /* AppDelegate.swift in Sources */ = {isa = PBXBuildFile; fileRef = BD47BFF41FCEB3FB00408DC5 /* AppDelegate.swift */; };
		BD47BFF71FCEB3FB00408DC5 /* ViewController.swift in Sources */ = {isa = PBXBuildFile; fileRef = BD47BFF61FCEB3FB00408DC5 /* ViewController.swift */; };
		BD47BFFA1FCEB3FB00408DC5 /* Main.storyboard in Resources */ = {isa = PBXBuildFile; fileRef = BD47BFF81FCEB3FB00408DC5 /* Main.storyboard */; };
		BD47BFFD1FCEB3FB00408DC5 /* Timemo.xcdatamodeld in Sources */ = {isa = PBXBuildFile; fileRef = BD47BFFB1FCEB3FB00408DC5 /* Timemo.xcdatamodeld */; };
		BD47BFFF1FCEB3FB00408DC5 /* Assets.xcassets in Resources */ = {isa = PBXBuildFile; fileRef = BD47BFFE1FCEB3FB00408DC5 /* Assets.xcassets */; };
		BD47C0021FCEB3FB00408DC5 /* LaunchScreen.storyboard in Resources */ = {isa = PBXBuildFile; fileRef = BD47C0001FCEB3FB00408DC5 /* LaunchScreen.storyboard */; };
		BD47C00D1FCEB3FB00408DC5 /* TimemoTests.swift in Sources */ = {isa = PBXBuildFile; fileRef = BD47C00C1FCEB3FB00408DC5 /* TimemoTests.swift */; };
		BD47C0181FCEB4A600408DC5 /* LoginViewController.swift in Sources */ = {isa = PBXBuildFile; fileRef = BD47C0171FCEB4A600408DC5 /* LoginViewController.swift */; };
/* End PBXBuildFile section */

/* Begin PBXContainerItemProxy section */
		BD47C0091FCEB3FB00408DC5 /* PBXContainerItemProxy */ = {
			isa = PBXContainerItemProxy;
			containerPortal = BD47BFE91FCEB3FB00408DC5 /* Project object */;
			proxyType = 1;
			remoteGlobalIDString = BD47BFF01FCEB3FB00408DC5;
			remoteInfo = Timemo;
		};
/* End PBXContainerItemProxy section */

/* Begin PBXFileReference section */
		5D643D9E211805E32A05DB11 /* Pods-TimemoTests.release.xcconfig */ = {isa = PBXFileReference; includeInIndex = 1; lastKnownFileType = text.xcconfig; name = "Pods-TimemoTests.release.xcconfig"; path = "Pods/Target Support Files/Pods-TimemoTests/Pods-TimemoTests.release.xcconfig"; sourceTree = "<group>"; };
		827381D65F94649993E4141E /* Pods-TimemoTests.debug.xcconfig */ = {isa = PBXFileReference; includeInIndex = 1; lastKnownFileType = text.xcconfig; name = "Pods-TimemoTests.debug.xcconfig"; path = "Pods/Target Support Files/Pods-TimemoTests/Pods-TimemoTests.debug.xcconfig"; sourceTree = "<group>"; };
		9C367F832D24C1A91B117E27 /* Pods-Timemo.release.xcconfig */ = {isa = PBXFileReference; includeInIndex = 1; lastKnownFileType = text.xcconfig; name = "Pods-Timemo.release.xcconfig"; path = "Pods/Target Support Files/Pods-Timemo/Pods-Timemo.release.xcconfig"; sourceTree = "<group>"; };
		9E5436BBFAA5C9B92E927E58 /* Pods_Timemo.framework */ = {isa = PBXFileReference; explicitFileType = wrapper.framework; includeInIndex = 0; path = Pods_Timemo.framework; sourceTree = BUILT_PRODUCTS_DIR; };
		BD47BFF11FCEB3FB00408DC5 /* Timemo.app */ = {isa = PBXFileReference; explicitFileType = wrapper.application; includeInIndex = 0; path = Timemo.app; sourceTree = BUILT_PRODUCTS_DIR; };
		BD47BFF41FCEB3FB00408DC5 /* AppDelegate.swift */ = {isa = PBXFileReference; lastKnownFileType = sourcecode.swift; path = AppDelegate.swift; sourceTree = "<group>"; };
		BD47BFF61FCEB3FB00408DC5 /* ViewController.swift */ = {isa = PBXFileReference; lastKnownFileType = sourcecode.swift; path = ViewController.swift; sourceTree = "<group>"; };
		BD47BFF91FCEB3FB00408DC5 /* Base */ = {isa = PBXFileReference; lastKnownFileType = file.storyboard; name = Base; path = Base.lproj/Main.storyboard; sourceTree = "<group>"; };
		BD47BFFC1FCEB3FB00408DC5 /* Timemo.xcdatamodel */ = {isa = PBXFileReference; lastKnownFileType = wrapper.xcdatamodel; path = Timemo.xcdatamodel; sourceTree = "<group>"; };
		BD47BFFE1FCEB3FB00408DC5 /* Assets.xcassets */ = {isa = PBXFileReference; lastKnownFileType = folder.assetcatalog; path = Assets.xcassets; sourceTree = "<group>"; };
		BD47C0011FCEB3FB00408DC5 /* Base */ = {isa = PBXFileReference; lastKnownFileType = file.storyboard; name = Base; path = Base.lproj/LaunchScreen.storyboard; sourceTree = "<group>"; };
		BD47C0031FCEB3FB00408DC5 /* Info.plist */ = {isa = PBXFileReference; lastKnownFileType = text.plist.xml; path = Info.plist; sourceTree = "<group>"; };
		BD47C0081FCEB3FB00408DC5 /* TimemoTests.xctest */ = {isa = PBXFileReference; explicitFileType = wrapper.cfbundle; includeInIndex = 0; path = TimemoTests.xctest; sourceTree = BUILT_PRODUCTS_DIR; };
		BD47C00C1FCEB3FB00408DC5 /* TimemoTests.swift */ = {isa = PBXFileReference; lastKnownFileType = sourcecode.swift; path = TimemoTests.swift; sourceTree = "<group>"; };
		BD47C00E1FCEB3FB00408DC5 /* Info.plist */ = {isa = PBXFileReference; lastKnownFileType = text.plist.xml; path = Info.plist; sourceTree = "<group>"; };
		BD47C0171FCEB4A600408DC5 /* LoginViewController.swift */ = {isa = PBXFileReference; lastKnownFileType = sourcecode.swift; path = LoginViewController.swift; sourceTree = "<group>"; };
		C6165068745C96D9CBCAC8C7 /* Pods-Timemo.debug.xcconfig */ = {isa = PBXFileReference; includeInIndex = 1; lastKnownFileType = text.xcconfig; name = "Pods-Timemo.debug.xcconfig"; path = "Pods/Target Support Files/Pods-Timemo/Pods-Timemo.debug.xcconfig"; sourceTree = "<group>"; };
		DF6CB47CA10092C470D34D70 /* Pods_TimemoTests.framework */ = {isa = PBXFileReference; explicitFileType = wrapper.framework; includeInIndex = 0; path = Pods_TimemoTests.framework; sourceTree = BUILT_PRODUCTS_DIR; };
/* End PBXFileReference section */

/* Begin PBXFrameworksBuildPhase section */
		BD47BFEE1FCEB3FB00408DC5 /* Frameworks */ = {
			isa = PBXFrameworksBuildPhase;
			buildActionMask = 2147483647;
			files = (
				31A1EDFC8A1A1406B0EDBFAF /* Pods_Timemo.framework in Frameworks */,
			);
			runOnlyForDeploymentPostprocessing = 0;
		};
		BD47C0051FCEB3FB00408DC5 /* Frameworks */ = {
			isa = PBXFrameworksBuildPhase;
			buildActionMask = 2147483647;
			files = (
				046DDD1CAE3E93C57B831D05 /* Pods_TimemoTests.framework in Frameworks */,
			);
			runOnlyForDeploymentPostprocessing = 0;
		};
/* End PBXFrameworksBuildPhase section */

/* Begin PBXGroup section */
		28B1845A3895386223CC9F57 /* Pods */ = {
			isa = PBXGroup;
			children = (
				C6165068745C96D9CBCAC8C7 /* Pods-Timemo.debug.xcconfig */,
				9C367F832D24C1A91B117E27 /* Pods-Timemo.release.xcconfig */,
				827381D65F94649993E4141E /* Pods-TimemoTests.debug.xcconfig */,
				5D643D9E211805E32A05DB11 /* Pods-TimemoTests.release.xcconfig */,
			);
			name = Pods;
			sourceTree = "<group>";
		};
		4983F0E82380AD67026D528C /* Frameworks */ = {
			isa = PBXGroup;
			children = (
				9E5436BBFAA5C9B92E927E58 /* Pods_Timemo.framework */,
				DF6CB47CA10092C470D34D70 /* Pods_TimemoTests.framework */,
			);
			name = Frameworks;
			sourceTree = "<group>";
		};
		BD47BFE81FCEB3FB00408DC5 = {
			isa = PBXGroup;
			children = (
				BD47BFF31FCEB3FB00408DC5 /* Timemo */,
				BD47C00B1FCEB3FB00408DC5 /* TimemoTests */,
				BD47BFF21FCEB3FB00408DC5 /* Products */,
				28B1845A3895386223CC9F57 /* Pods */,
				4983F0E82380AD67026D528C /* Frameworks */,
			);
			sourceTree = "<group>";
		};
		BD47BFF21FCEB3FB00408DC5 /* Products */ = {
			isa = PBXGroup;
			children = (
				BD47BFF11FCEB3FB00408DC5 /* Timemo.app */,
				BD47C0081FCEB3FB00408DC5 /* TimemoTests.xctest */,
			);
			name = Products;
			sourceTree = "<group>";
		};
		BD47BFF31FCEB3FB00408DC5 /* Timemo */ = {
			isa = PBXGroup;
			children = (
				BD47BFF41FCEB3FB00408DC5 /* AppDelegate.swift */,
				BD47BFF61FCEB3FB00408DC5 /* ViewController.swift */,
				BD47C0171FCEB4A600408DC5 /* LoginViewController.swift */,
				BD47BFF81FCEB3FB00408DC5 /* Main.storyboard */,
				BD47BFFE1FCEB3FB00408DC5 /* Assets.xcassets */,
				BD47C0001FCEB3FB00408DC5 /* LaunchScreen.storyboard */,
				BD47C0031FCEB3FB00408DC5 /* Info.plist */,
				BD47BFFB1FCEB3FB00408DC5 /* Timemo.xcdatamodeld */,
			);
			path = Timemo;
			sourceTree = "<group>";
		};
		BD47C00B1FCEB3FB00408DC5 /* TimemoTests */ = {
			isa = PBXGroup;
			children = (
				BD47C00C1FCEB3FB00408DC5 /* TimemoTests.swift */,
				BD47C00E1FCEB3FB00408DC5 /* Info.plist */,
			);
			path = TimemoTests;
			sourceTree = "<group>";
		};
/* End PBXGroup section */

/* Begin PBXNativeTarget section */
		BD47BFF01FCEB3FB00408DC5 /* Timemo */ = {
			isa = PBXNativeTarget;
			buildConfigurationList = BD47C0111FCEB3FB00408DC5 /* Build configuration list for PBXNativeTarget "Timemo" */;
			buildPhases = (
				2652679E79133D2ACC242080 /* [CP] Check Pods Manifest.lock */,
				BD47BFED1FCEB3FB00408DC5 /* Sources */,
				BD47BFEE1FCEB3FB00408DC5 /* Frameworks */,
				BD47BFEF1FCEB3FB00408DC5 /* Resources */,
				06FC08344D0B397F4E43125E /* [CP] Embed Pods Frameworks */,
				729BB5FEE8DFC23892D28A8B /* [CP] Copy Pods Resources */,
			);
			buildRules = (
			);
			dependencies = (
			);
			name = Timemo;
			productName = Timemo;
			productReference = BD47BFF11FCEB3FB00408DC5 /* Timemo.app */;
			productType = "com.apple.product-type.application";
		};
		BD47C0071FCEB3FB00408DC5 /* TimemoTests */ = {
			isa = PBXNativeTarget;
			buildConfigurationList = BD47C0141FCEB3FB00408DC5 /* Build configuration list for PBXNativeTarget "TimemoTests" */;
			buildPhases = (
				F510C66544BA2758A17616D3 /* [CP] Check Pods Manifest.lock */,
				BD47C0041FCEB3FB00408DC5 /* Sources */,
				BD47C0051FCEB3FB00408DC5 /* Frameworks */,
				BD47C0061FCEB3FB00408DC5 /* Resources */,
				935428EA6AEC3E14C309E140 /* [CP] Embed Pods Frameworks */,
				B478D28186CC6E415AAE87E9 /* [CP] Copy Pods Resources */,
			);
			buildRules = (
			);
			dependencies = (
				BD47C00A1FCEB3FB00408DC5 /* PBXTargetDependency */,
			);
			name = TimemoTests;
			productName = TimemoTests;
			productReference = BD47C0081FCEB3FB00408DC5 /* TimemoTests.xctest */;
			productType = "com.apple.product-type.bundle.unit-test";
		};
/* End PBXNativeTarget section */

/* Begin PBXProject section */
		BD47BFE91FCEB3FB00408DC5 /* Project object */ = {
			isa = PBXProject;
			attributes = {
				LastSwiftUpdateCheck = 0910;
				LastUpgradeCheck = 0910;
				ORGANIZATIONNAME = unbTech;
				TargetAttributes = {
					BD47BFF01FCEB3FB00408DC5 = {
						CreatedOnToolsVersion = 9.1;
						ProvisioningStyle = Automatic;
					};
					BD47C0071FCEB3FB00408DC5 = {
						CreatedOnToolsVersion = 9.1;
						ProvisioningStyle = Automatic;
						TestTargetID = BD47BFF01FCEB3FB00408DC5;
					};
				};
			};
			buildConfigurationList = BD47BFEC1FCEB3FB00408DC5 /* Build configuration list for PBXProject "Timemo" */;
			compatibilityVersion = "Xcode 8.0";
			developmentRegion = en;
			hasScannedForEncodings = 0;
			knownRegions = (
				en,
				Base,
			);
			mainGroup = BD47BFE81FCEB3FB00408DC5;
			productRefGroup = BD47BFF21FCEB3FB00408DC5 /* Products */;
			projectDirPath = "";
			projectRoot = "";
			targets = (
				BD47BFF01FCEB3FB00408DC5 /* Timemo */,
				BD47C0071FCEB3FB00408DC5 /* TimemoTests */,
			);
		};
/* End PBXProject section */

/* Begin PBXResourcesBuildPhase section */
		BD47BFEF1FCEB3FB00408DC5 /* Resources */ = {
			isa = PBXResourcesBuildPhase;
			buildActionMask = 2147483647;
			files = (
				BD47C0021FCEB3FB00408DC5 /* LaunchScreen.storyboard in Resources */,
				BD47BFFF1FCEB3FB00408DC5 /* Assets.xcassets in Resources */,
				BD47BFFA1FCEB3FB00408DC5 /* Main.storyboard in Resources */,
			);
			runOnlyForDeploymentPostprocessing = 0;
		};
		BD47C0061FCEB3FB00408DC5 /* Resources */ = {
			isa = PBXResourcesBuildPhase;
			buildActionMask = 2147483647;
			files = (
			);
			runOnlyForDeploymentPostprocessing = 0;
		};
/* End PBXResourcesBuildPhase section */

/* Begin PBXShellScriptBuildPhase section */
		06FC08344D0B397F4E43125E /* [CP] Embed Pods Frameworks */ = {
			isa = PBXShellScriptBuildPhase;
			buildActionMask = 2147483647;
			files = (
			);
			inputPaths = (
				"${SRCROOT}/Pods/Target Support Files/Pods-Timemo/Pods-Timemo-frameworks.sh",
				"${BUILT_PRODUCTS_DIR}/RxCocoa/RxCocoa.framework",
				"${BUILT_PRODUCTS_DIR}/RxSwift/RxSwift.framework",
			);
			name = "[CP] Embed Pods Frameworks";
			outputPaths = (
				"${TARGET_BUILD_DIR}/${FRAMEWORKS_FOLDER_PATH}/RxCocoa.framework",
				"${TARGET_BUILD_DIR}/${FRAMEWORKS_FOLDER_PATH}/RxSwift.framework",
			);
			runOnlyForDeploymentPostprocessing = 0;
			shellPath = /bin/sh;
			shellScript = "\"${SRCROOT}/Pods/Target Support Files/Pods-Timemo/Pods-Timemo-frameworks.sh\"\n";
			showEnvVarsInLog = 0;
		};
		2652679E79133D2ACC242080 /* [CP] Check Pods Manifest.lock */ = {
			isa = PBXShellScriptBuildPhase;
			buildActionMask = 2147483647;
			files = (
			);
			inputPaths = (
				"${PODS_PODFILE_DIR_PATH}/Podfile.lock",
				"${PODS_ROOT}/Manifest.lock",
			);
			name = "[CP] Check Pods Manifest.lock";
			outputPaths = (
				"$(DERIVED_FILE_DIR)/Pods-Timemo-checkManifestLockResult.txt",
			);
			runOnlyForDeploymentPostprocessing = 0;
			shellPath = /bin/sh;
			shellScript = "diff \"${PODS_PODFILE_DIR_PATH}/Podfile.lock\" \"${PODS_ROOT}/Manifest.lock\" > /dev/null\nif [ $? != 0 ] ; then\n    # print error to STDERR\n    echo \"error: The sandbox is not in sync with the Podfile.lock. Run 'pod install' or update your CocoaPods installation.\" >&2\n    exit 1\nfi\n# This output is used by Xcode 'outputs' to avoid re-running this script phase.\necho \"SUCCESS\" > \"${SCRIPT_OUTPUT_FILE_0}\"\n";
			showEnvVarsInLog = 0;
		};
		729BB5FEE8DFC23892D28A8B /* [CP] Copy Pods Resources */ = {
			isa = PBXShellScriptBuildPhase;
			buildActionMask = 2147483647;
			files = (
			);
			inputPaths = (
			);
			name = "[CP] Copy Pods Resources";
			outputPaths = (
			);
			runOnlyForDeploymentPostprocessing = 0;
			shellPath = /bin/sh;
			shellScript = "\"${SRCROOT}/Pods/Target Support Files/Pods-Timemo/Pods-Timemo-resources.sh\"\n";
			showEnvVarsInLog = 0;
		};
		935428EA6AEC3E14C309E140 /* [CP] Embed Pods Frameworks */ = {
			isa = PBXShellScriptBuildPhase;
			buildActionMask = 2147483647;
			files = (
			);
			inputPaths = (
				"${SRCROOT}/Pods/Target Support Files/Pods-TimemoTests/Pods-TimemoTests-frameworks.sh",
				"${BUILT_PRODUCTS_DIR}/RxSwift/RxSwift.framework",
				"${BUILT_PRODUCTS_DIR}/RxBlocking/RxBlocking.framework",
				"${BUILT_PRODUCTS_DIR}/RxTest/RxTest.framework",
			);
			name = "[CP] Embed Pods Frameworks";
			outputPaths = (
				"${TARGET_BUILD_DIR}/${FRAMEWORKS_FOLDER_PATH}/RxSwift.framework",
				"${TARGET_BUILD_DIR}/${FRAMEWORKS_FOLDER_PATH}/RxBlocking.framework",
				"${TARGET_BUILD_DIR}/${FRAMEWORKS_FOLDER_PATH}/RxTest.framework",
			);
			runOnlyForDeploymentPostprocessing = 0;
			shellPath = /bin/sh;
			shellScript = "\"${SRCROOT}/Pods/Target Support Files/Pods-TimemoTests/Pods-TimemoTests-frameworks.sh\"\n";
			showEnvVarsInLog = 0;
		};
		B478D28186CC6E415AAE87E9 /* [CP] Copy Pods Resources */ = {
			isa = PBXShellScriptBuildPhase;
			buildActionMask = 2147483647;
			files = (
			);
			inputPaths = (
			);
			name = "[CP] Copy Pods Resources";
			outputPaths = (
			);
			runOnlyForDeploymentPostprocessing = 0;
			shellPath = /bin/sh;
			shellScript = "\"${SRCROOT}/Pods/Target Support Files/Pods-TimemoTests/Pods-TimemoTests-resources.sh\"\n";
			showEnvVarsInLog = 0;
		};
		F510C66544BA2758A17616D3 /* [CP] Check Pods Manifest.lock */ = {
			isa = PBXShellScriptBuildPhase;
			buildActionMask = 2147483647;
			files = (
			);
			inputPaths = (
				"${PODS_PODFILE_DIR_PATH}/Podfile.lock",
				"${PODS_ROOT}/Manifest.lock",
			);
			name = "[CP] Check Pods Manifest.lock";
			outputPaths = (
				"$(DERIVED_FILE_DIR)/Pods-TimemoTests-checkManifestLockResult.txt",
			);
			runOnlyForDeploymentPostprocessing = 0;
			shellPath = /bin/sh;
			shellScript = "diff \"${PODS_PODFILE_DIR_PATH}/Podfile.lock\" \"${PODS_ROOT}/Manifest.lock\" > /dev/null\nif [ $? != 0 ] ; then\n    # print error to STDERR\n    echo \"error: The sandbox is not in sync with the Podfile.lock. Run 'pod install' or update your CocoaPods installation.\" >&2\n    exit 1\nfi\n# This output is used by Xcode 'outputs' to avoid re-running this script phase.\necho \"SUCCESS\" > \"${SCRIPT_OUTPUT_FILE_0}\"\n";
			showEnvVarsInLog = 0;
		};
/* End PBXShellScriptBuildPhase section */

/* Begin PBXSourcesBuildPhase section */
		BD47BFED1FCEB3FB00408DC5 /* Sources */ = {
			isa = PBXSourcesBuildPhase;
			buildActionMask = 2147483647;
			files = (
				BD47C0181FCEB4A600408DC5 /* LoginViewController.swift in Sources */,
				BD47BFF71FCEB3FB00408DC5 /* ViewController.swift in Sources */,
				BD47BFF51FCEB3FB00408DC5 /* AppDelegate.swift in Sources */,
				BD47BFFD1FCEB3FB00408DC5 /* Timemo.xcdatamodeld in Sources */,
			);
			runOnlyForDeploymentPostprocessing = 0;
		};
		BD47C0041FCEB3FB00408DC5 /* Sources */ = {
			isa = PBXSourcesBuildPhase;
			buildActionMask = 2147483647;
			files = (
				BD47C00D1FCEB3FB00408DC5 /* TimemoTests.swift in Sources */,
			);
			runOnlyForDeploymentPostprocessing = 0;
		};
/* End PBXSourcesBuildPhase section */

/* Begin PBXTargetDependency section */
		BD47C00A1FCEB3FB00408DC5 /* PBXTargetDependency */ = {
			isa = PBXTargetDependency;
			target = BD47BFF01FCEB3FB00408DC5 /* Timemo */;
			targetProxy = BD47C0091FCEB3FB00408DC5 /* PBXContainerItemProxy */;
		};
/* End PBXTargetDependency section */

/* Begin PBXVariantGroup section */
		BD47BFF81FCEB3FB00408DC5 /* Main.storyboard */ = {
			isa = PBXVariantGroup;
			children = (
				BD47BFF91FCEB3FB00408DC5 /* Base */,
			);
			name = Main.storyboard;
			sourceTree = "<group>";
		};
		BD47C0001FCEB3FB00408DC5 /* LaunchScreen.storyboard */ = {
			isa = PBXVariantGroup;
			children = (
				BD47C0011FCEB3FB00408DC5 /* Base */,
			);
			name = LaunchScreen.storyboard;
			sourceTree = "<group>";
		};
/* End PBXVariantGroup section */

/* Begin XCBuildConfiguration section */
		BD47C00F1FCEB3FB00408DC5 /* Debug */ = {
			isa = XCBuildConfiguration;
			buildSettings = {
				ALWAYS_SEARCH_USER_PATHS = NO;
				CLANG_ANALYZER_NONNULL = YES;
				CLANG_ANALYZER_NUMBER_OBJECT_CONVERSION = YES_AGGRESSIVE;
				CLANG_CXX_LANGUAGE_STANDARD = "gnu++14";
				CLANG_CXX_LIBRARY = "libc++";
				CLANG_ENABLE_MODULES = YES;
				CLANG_ENABLE_OBJC_ARC = YES;
				CLANG_WARN_BLOCK_CAPTURE_AUTORELEASING = YES;
				CLANG_WARN_BOOL_CONVERSION = YES;
				CLANG_WARN_COMMA = YES;
				CLANG_WARN_CONSTANT_CONVERSION = YES;
				CLANG_WARN_DIRECT_OBJC_ISA_USAGE = YES_ERROR;
				CLANG_WARN_DOCUMENTATION_COMMENTS = YES;
				CLANG_WARN_EMPTY_BODY = YES;
				CLANG_WARN_ENUM_CONVERSION = YES;
				CLANG_WARN_INFINITE_RECURSION = YES;
				CLANG_WARN_INT_CONVERSION = YES;
				CLANG_WARN_NON_LITERAL_NULL_CONVERSION = YES;
				CLANG_WARN_OBJC_LITERAL_CONVERSION = YES;
				CLANG_WARN_OBJC_ROOT_CLASS = YES_ERROR;
				CLANG_WARN_RANGE_LOOP_ANALYSIS = YES;
				CLANG_WARN_STRICT_PROTOTYPES = YES;
				CLANG_WARN_SUSPICIOUS_MOVE = YES;
				CLANG_WARN_UNGUARDED_AVAILABILITY = YES_AGGRESSIVE;
				CLANG_WARN_UNREACHABLE_CODE = YES;
				CLANG_WARN__DUPLICATE_METHOD_MATCH = YES;
				CODE_SIGN_IDENTITY = "iPhone Developer";
				COPY_PHASE_STRIP = NO;
				DEBUG_INFORMATION_FORMAT = dwarf;
				ENABLE_STRICT_OBJC_MSGSEND = YES;
				ENABLE_TESTABILITY = YES;
				GCC_C_LANGUAGE_STANDARD = gnu11;
				GCC_DYNAMIC_NO_PIC = NO;
				GCC_NO_COMMON_BLOCKS = YES;
				GCC_OPTIMIZATION_LEVEL = 0;
				GCC_PREPROCESSOR_DEFINITIONS = (
					"DEBUG=1",
					"$(inherited)",
				);
				GCC_WARN_64_TO_32_BIT_CONVERSION = YES;
				GCC_WARN_ABOUT_RETURN_TYPE = YES_ERROR;
				GCC_WARN_UNDECLARED_SELECTOR = YES;
				GCC_WARN_UNINITIALIZED_AUTOS = YES_AGGRESSIVE;
				GCC_WARN_UNUSED_FUNCTION = YES;
				GCC_WARN_UNUSED_VARIABLE = YES;
				IPHONEOS_DEPLOYMENT_TARGET = 11.1;
				MTL_ENABLE_DEBUG_INFO = YES;
				ONLY_ACTIVE_ARCH = YES;
				SDKROOT = iphoneos;
				SWIFT_ACTIVE_COMPILATION_CONDITIONS = DEBUG;
				SWIFT_OPTIMIZATION_LEVEL = "-Onone";
			};
			name = Debug;
		};
		BD47C0101FCEB3FB00408DC5 /* Release */ = {
			isa = XCBuildConfiguration;
			buildSettings = {
				ALWAYS_SEARCH_USER_PATHS = NO;
				CLANG_ANALYZER_NONNULL = YES;
				CLANG_ANALYZER_NUMBER_OBJECT_CONVERSION = YES_AGGRESSIVE;
				CLANG_CXX_LANGUAGE_STANDARD = "gnu++14";
				CLANG_CXX_LIBRARY = "libc++";
				CLANG_ENABLE_MODULES = YES;
				CLANG_ENABLE_OBJC_ARC = YES;
				CLANG_WARN_BLOCK_CAPTURE_AUTORELEASING = YES;
				CLANG_WARN_BOOL_CONVERSION = YES;
				CLANG_WARN_COMMA = YES;
				CLANG_WARN_CONSTANT_CONVERSION = YES;
				CLANG_WARN_DIRECT_OBJC_ISA_USAGE = YES_ERROR;
				CLANG_WARN_DOCUMENTATION_COMMENTS = YES;
				CLANG_WARN_EMPTY_BODY = YES;
				CLANG_WARN_ENUM_CONVERSION = YES;
				CLANG_WARN_INFINITE_RECURSION = YES;
				CLANG_WARN_INT_CONVERSION = YES;
				CLANG_WARN_NON_LITERAL_NULL_CONVERSION = YES;
				CLANG_WARN_OBJC_LITERAL_CONVERSION = YES;
				CLANG_WARN_OBJC_ROOT_CLASS = YES_ERROR;
				CLANG_WARN_RANGE_LOOP_ANALYSIS = YES;
				CLANG_WARN_STRICT_PROTOTYPES = YES;
				CLANG_WARN_SUSPICIOUS_MOVE = YES;
				CLANG_WARN_UNGUARDED_AVAILABILITY = YES_AGGRESSIVE;
				CLANG_WARN_UNREACHABLE_CODE = YES;
				CLANG_WARN__DUPLICATE_METHOD_MATCH = YES;
				CODE_SIGN_IDENTITY = "iPhone Developer";
				COPY_PHASE_STRIP = NO;
				DEBUG_INFORMATION_FORMAT = "dwarf-with-dsym";
				ENABLE_NS_ASSERTIONS = NO;
				ENABLE_STRICT_OBJC_MSGSEND = YES;
				GCC_C_LANGUAGE_STANDARD = gnu11;
				GCC_NO_COMMON_BLOCKS = YES;
				GCC_WARN_64_TO_32_BIT_CONVERSION = YES;
				GCC_WARN_ABOUT_RETURN_TYPE = YES_ERROR;
				GCC_WARN_UNDECLARED_SELECTOR = YES;
				GCC_WARN_UNINITIALIZED_AUTOS = YES_AGGRESSIVE;
				GCC_WARN_UNUSED_FUNCTION = YES;
				GCC_WARN_UNUSED_VARIABLE = YES;
				IPHONEOS_DEPLOYMENT_TARGET = 11.1;
				MTL_ENABLE_DEBUG_INFO = NO;
				SDKROOT = iphoneos;
				SWIFT_OPTIMIZATION_LEVEL = "-Owholemodule";
				VALIDATE_PRODUCT = YES;
			};
			name = Release;
		};
		BD47C0121FCEB3FB00408DC5 /* Debug */ = {
			isa = XCBuildConfiguration;
			baseConfigurationReference = C6165068745C96D9CBCAC8C7 /* Pods-Timemo.debug.xcconfig */;
			buildSettings = {
				ASSETCATALOG_COMPILER_APPICON_NAME = AppIcon;
				"CODE_SIGN_IDENTITY[sdk=iphoneos*]" = "iPhone Developer";
				CODE_SIGN_STYLE = Automatic;
				DEVELOPMENT_TEAM = 22377YLS2X;
				INFOPLIST_FILE = Timemo/Info.plist;
				LD_RUNPATH_SEARCH_PATHS = "$(inherited) @executable_path/Frameworks";
				PRODUCT_BUNDLE_IDENTIFIER = com.jakouk.Timemo;
				PRODUCT_NAME = "$(TARGET_NAME)";
				PROVISIONING_PROFILE_SPECIFIER = "";
				SWIFT_VERSION = 4.0;
				TARGETED_DEVICE_FAMILY = "1,2";
			};
			name = Debug;
		};
		BD47C0131FCEB3FB00408DC5 /* Release */ = {
			isa = XCBuildConfiguration;
			baseConfigurationReference = 9C367F832D24C1A91B117E27 /* Pods-Timemo.release.xcconfig */;
			buildSettings = {
				ASSETCATALOG_COMPILER_APPICON_NAME = AppIcon;
				"CODE_SIGN_IDENTITY[sdk=iphoneos*]" = "iPhone Developer";
				CODE_SIGN_STYLE = Automatic;
				DEVELOPMENT_TEAM = 22377YLS2X;
				INFOPLIST_FILE = Timemo/Info.plist;
				LD_RUNPATH_SEARCH_PATHS = "$(inherited) @executable_path/Frameworks";
				PRODUCT_BUNDLE_IDENTIFIER = com.jakouk.Timemo;
				PRODUCT_NAME = "$(TARGET_NAME)";
				PROVISIONING_PROFILE_SPECIFIER = "";
				SWIFT_VERSION = 4.0;
				TARGETED_DEVICE_FAMILY = "1,2";
			};
			name = Release;
		};
		BD47C0151FCEB3FB00408DC5 /* Debug */ = {
			isa = XCBuildConfiguration;
			baseConfigurationReference = 827381D65F94649993E4141E /* Pods-TimemoTests.debug.xcconfig */;
			buildSettings = {
				ALWAYS_EMBED_SWIFT_STANDARD_LIBRARIES = YES;
				BUNDLE_LOADER = "$(TEST_HOST)";
				CODE_SIGN_STYLE = Automatic;
				DEVELOPMENT_TEAM = DE9PNXEWE6;
				INFOPLIST_FILE = TimemoTests/Info.plist;
				LD_RUNPATH_SEARCH_PATHS = "$(inherited) @executable_path/Frameworks @loader_path/Frameworks";
				PRODUCT_BUNDLE_IDENTIFIER = com.jakouk.TimemoTests;
				PRODUCT_NAME = "$(TARGET_NAME)";
				SWIFT_VERSION = 4.0;
				TARGETED_DEVICE_FAMILY = "1,2";
				TEST_HOST = "$(BUILT_PRODUCTS_DIR)/Timemo.app/Timemo";
			};
			name = Debug;
		};
		BD47C0161FCEB3FB00408DC5 /* Release */ = {
			isa = XCBuildConfiguration;
			baseConfigurationReference = 5D643D9E211805E32A05DB11 /* Pods-TimemoTests.release.xcconfig */;
			buildSettings = {
				ALWAYS_EMBED_SWIFT_STANDARD_LIBRARIES = YES;
				BUNDLE_LOADER = "$(TEST_HOST)";
				CODE_SIGN_STYLE = Automatic;
				DEVELOPMENT_TEAM = DE9PNXEWE6;
				INFOPLIST_FILE = TimemoTests/Info.plist;
				LD_RUNPATH_SEARCH_PATHS = "$(inherited) @executable_path/Frameworks @loader_path/Frameworks";
				PRODUCT_BUNDLE_IDENTIFIER = com.jakouk.TimemoTests;
				PRODUCT_NAME = "$(TARGET_NAME)";
				SWIFT_VERSION = 4.0;
				TARGETED_DEVICE_FAMILY = "1,2";
				TEST_HOST = "$(BUILT_PRODUCTS_DIR)/Timemo.app/Timemo";
			};
			name = Release;
		};
/* End XCBuildConfiguration section */

/* Begin XCConfigurationList section */
		BD47BFEC1FCEB3FB00408DC5 /* Build configuration list for PBXProject "Timemo" */ = {
			isa = XCConfigurationList;
			buildConfigurations = (
				BD47C00F1FCEB3FB00408DC5 /* Debug */,
				BD47C0101FCEB3FB00408DC5 /* Release */,
			);
			defaultConfigurationIsVisible = 0;
			defaultConfigurationName = Release;
		};
		BD47C0111FCEB3FB00408DC5 /* Build configuration list for PBXNativeTarget "Timemo" */ = {
			isa = XCConfigurationList;
			buildConfigurations = (
				BD47C0121FCEB3FB00408DC5 /* Debug */,
				BD47C0131FCEB3FB00408DC5 /* Release */,
			);
			defaultConfigurationIsVisible = 0;
			defaultConfigurationName = Release;
		};
		BD47C0141FCEB3FB00408DC5 /* Build configuration list for PBXNativeTarget "TimemoTests" */ = {
			isa = XCConfigurationList;
			buildConfigurations = (
				BD47C0151FCEB3FB00408DC5 /* Debug */,
				BD47C0161FCEB3FB00408DC5 /* Release */,
			);
			defaultConfigurationIsVisible = 0;
			defaultConfigurationName = Release;
		};
/* End XCConfigurationList section */

/* Begin XCVersionGroup section */
		BD47BFFB1FCEB3FB00408DC5 /* Timemo.xcdatamodeld */ = {
			isa = XCVersionGroup;
			children = (
				BD47BFFC1FCEB3FB00408DC5 /* Timemo.xcdatamodel */,
			);
			currentVersion = BD47BFFC1FCEB3FB00408DC5 /* Timemo.xcdatamodel */;
			path = Timemo.xcdatamodeld;
			sourceTree = "<group>";
			versionGroupType = wrapper.xcdatamodel;
		};
/* End XCVersionGroup section */
	};
	rootObject = BD47BFE91FCEB3FB00408DC5 /* Project object */;
}
